
Microsoft Visual Studio Solution File, Format Version 12.00
# Visual Studio Version 17
VisualStudioVersion = 17.14.36203.30
MinimumVisualStudioVersion = 10.0.40219.1
Project("{FAE04EC0-301F-11D3-BF4B-00C04F79EFBC}") = "Mod_Academico", "Mod_Academico\Mod_Academico.csproj", "{2DBDAB15-537A-453E-98AE-06C80FBFB517}"
EndProject
Project("{FAE04EC0-301F-11D3-BF4B-00C04F79EFBC}") = "Adm_Direcciones", "Mod_Matricula\Adm_Direcciones.csproj", "{76985CCA-85AD-4A96-A724-E2E66076905F}"
EndProject
Project("{FAE04EC0-301F-11D3-BF4B-00C04F79EFBC}") = "Mod_General", "Mod_General\Mod_General.csproj", "{CD6A080B-6D01-4A94-8DF0-C0EC0E0930C0}"
EndProject
Project("{FAE04EC0-301F-11D3-BF4B-00C04F79EFBC}") = "Adm_Notas", "Adm_Notas\Adm_Notas.csproj", "{6563F3DF-8A83-4D71-AA61-76BFB12D725A}"
EndProject
Project("{FAE04EC0-301F-11D3-BF4B-00C04F79EFBC}") = "USR5", "..\..\Kenneth\Proyecto1\USR5\USR5.csproj", "{809DC358-6E87-7C50-4B30-EFDD9D3D884B}"
EndProject
Project("{FAE04EC0-301F-11D3-BF4B-00C04F79EFBC}") = "USR3", "..\..\Kenneth\Proyecto1\USR3\USR3.csproj", "{6A962FE5-0CFA-9B5D-2F97-AA46A0564897}"
EndProject
Project("{FAE04EC0-301F-11D3-BF4B-00C04F79EFBC}") = "Estudiantes_Matriculados", "Estudiantes_Matriculados\Estudiantes_Matriculados.csproj", "{901707F1-4714-4680-8617-5B9EE5005C3D}"
EndProject
Project("{FAE04EC0-301F-11D3-BF4B-00C04F79EFBC}") = "Adm_Facturacion", "Adm_Facturacion\Adm_Facturacion.csproj", "{EC48B90B-0BF8-49D4-BC3E-273D90E5DD48}"
EndProject
Project("{FAE04EC0-301F-11D3-BF4B-00C04F79EFBC}") = "Adm_Pagos", "ADM_Pagos\Adm_Pagos.csproj", "{028E1F0E-2B3D-43A0-8ACE-C64FDAAD6FC0}"
EndProject
Project("{FAE04EC0-301F-11D3-BF4B-00C04F79EFBC}") = "Adm_Notificaciones", "Adm_Notificaciones\Adm_Notificaciones.csproj", "{B640E345-87C9-4585-A5B9-53D1AFDCED7F}"
EndProject
Project("{FAE04EC0-301F-11D3-BF4B-00C04F79EFBC}") = "ApiACD3", "..\..\Parte MOntse\ApiProyectoProgra\ApiOfertaAcademica\ApiACD3.csproj", "{D8A33D4C-447F-A3FA-CF14-D0216E2A940D}"
EndProject
Project("{FAE04EC0-301F-11D3-BF4B-00C04F79EFBC}") = "ApiACD4", "..\..\Parte MOntse\ApiProyectoProgra\ApiACD4\ApiACD4.csproj", "{8E9A91CE-E8D4-86E4-6A0E-09770A353DE9}"
EndProject
Project("{FAE04EC0-301F-11D3-BF4B-00C04F79EFBC}") = "ApiACD5", "..\..\Parte MOntse\ApiProyectoProgra\ApiACD5\ApiACD5.csproj", "{73AF604F-C318-9B95-F004-3378C0050CB4}"
EndProject
Project("{FAE04EC0-301F-11D3-BF4B-00C04F79EFBC}") = "ApiACD6", "..\..\Parte MOntse\ApiProyectoProgra\ApiACD6\ApiACD6.csproj", "{E067692A-088B-A09E-24FC-70BEFBF8D0AD}"
EndProject
Project("{FAE04EC0-301F-11D3-BF4B-00C04F79EFBC}") = "ApiMAT1", "..\..\Parte MOntse\ApiProyectoProgra\ApiMAT1\ApiMAT1.csproj", "{2F28544B-3C6A-3FB7-7A1A-67F6C6AD683A}"
EndProject
Project("{FAE04EC0-301F-11D3-BF4B-00C04F79EFBC}") = "ApiMAT2", "..\..\Parte MOntse\ApiProyectoProgra\ApiMAT2\ApiMAT2.csproj", "{D1371723-EC1F-E72C-F6E3-ECF6CE2DB7DE}"
EndProject
Project("{FAE04EC0-301F-11D3-BF4B-00C04F79EFBC}") = "ApiMAT3", "..\..\Parte MOntse\ApiProyectoProgra\ApiMAT3\ApiMAT3.csproj", "{4994B317-C20B-2A1B-51CD-D7129530E806}"
EndProject
Global
	GlobalSection(SolutionConfigurationPlatforms) = preSolution
		Debug|Any CPU = Debug|Any CPU
		Release|Any CPU = Release|Any CPU
	EndGlobalSection
	GlobalSection(ProjectConfigurationPlatforms) = postSolution
		{2DBDAB15-537A-453E-98AE-06C80FBFB517}.Debug|Any CPU.ActiveCfg = Debug|Any CPU
		{2DBDAB15-537A-453E-98AE-06C80FBFB517}.Debug|Any CPU.Build.0 = Debug|Any CPU
		{2DBDAB15-537A-453E-98AE-06C80FBFB517}.Release|Any CPU.ActiveCfg = Release|Any CPU
		{2DBDAB15-537A-453E-98AE-06C80FBFB517}.Release|Any CPU.Build.0 = Release|Any CPU
		{76985CCA-85AD-4A96-A724-E2E66076905F}.Debug|Any CPU.ActiveCfg = Debug|Any CPU
		{76985CCA-85AD-4A96-A724-E2E66076905F}.Debug|Any CPU.Build.0 = Debug|Any CPU
		{76985CCA-85AD-4A96-A724-E2E66076905F}.Release|Any CPU.ActiveCfg = Release|Any CPU
		{76985CCA-85AD-4A96-A724-E2E66076905F}.Release|Any CPU.Build.0 = Release|Any CPU
		{CD6A080B-6D01-4A94-8DF0-C0EC0E0930C0}.Debug|Any CPU.ActiveCfg = Debug|Any CPU
		{CD6A080B-6D01-4A94-8DF0-C0EC0E0930C0}.Debug|Any CPU.Build.0 = Debug|Any CPU
		{CD6A080B-6D01-4A94-8DF0-C0EC0E0930C0}.Release|Any CPU.ActiveCfg = Release|Any CPU
		{CD6A080B-6D01-4A94-8DF0-C0EC0E0930C0}.Release|Any CPU.Build.0 = Release|Any CPU
		{6563F3DF-8A83-4D71-AA61-76BFB12D725A}.Debug|Any CPU.ActiveCfg = Debug|Any CPU
		{6563F3DF-8A83-4D71-AA61-76BFB12D725A}.Debug|Any CPU.Build.0 = Debug|Any CPU
		{6563F3DF-8A83-4D71-AA61-76BFB12D725A}.Release|Any CPU.ActiveCfg = Release|Any CPU
		{6563F3DF-8A83-4D71-AA61-76BFB12D725A}.Release|Any CPU.Build.0 = Release|Any CPU
		{809DC358-6E87-7C50-4B30-EFDD9D3D884B}.Debug|Any CPU.ActiveCfg = Debug|Any CPU
		{809DC358-6E87-7C50-4B30-EFDD9D3D884B}.Debug|Any CPU.Build.0 = Debug|Any CPU
		{809DC358-6E87-7C50-4B30-EFDD9D3D884B}.Release|Any CPU.ActiveCfg = Release|Any CPU
		{809DC358-6E87-7C50-4B30-EFDD9D3D884B}.Release|Any CPU.Build.0 = Release|Any CPU
		{6A962FE5-0CFA-9B5D-2F97-AA46A0564897}.Debug|Any CPU.ActiveCfg = Debug|Any CPU
		{6A962FE5-0CFA-9B5D-2F97-AA46A0564897}.Debug|Any CPU.Build.0 = Debug|Any CPU
		{6A962FE5-0CFA-9B5D-2F97-AA46A0564897}.Release|Any CPU.ActiveCfg = Release|Any CPU
		{6A962FE5-0CFA-9B5D-2F97-AA46A0564897}.Release|Any CPU.Build.0 = Release|Any CPU
		{901707F1-4714-4680-8617-5B9EE5005C3D}.Debug|Any CPU.ActiveCfg = Debug|Any CPU
		{901707F1-4714-4680-8617-5B9EE5005C3D}.Debug|Any CPU.Build.0 = Debug|Any CPU
		{901707F1-4714-4680-8617-5B9EE5005C3D}.Release|Any CPU.ActiveCfg = Release|Any CPU
		{901707F1-4714-4680-8617-5B9EE5005C3D}.Release|Any CPU.Build.0 = Release|Any CPU
		{EC48B90B-0BF8-49D4-BC3E-273D90E5DD48}.Debug|Any CPU.ActiveCfg = Debug|Any CPU
		{EC48B90B-0BF8-49D4-BC3E-273D90E5DD48}.Debug|Any CPU.Build.0 = Debug|Any CPU
		{EC48B90B-0BF8-49D4-BC3E-273D90E5DD48}.Release|Any CPU.ActiveCfg = Release|Any CPU
		{EC48B90B-0BF8-49D4-BC3E-273D90E5DD48}.Release|Any CPU.Build.0 = Release|Any CPU
		{028E1F0E-2B3D-43A0-8ACE-C64FDAAD6FC0}.Debug|Any CPU.ActiveCfg = Debug|Any CPU
		{028E1F0E-2B3D-43A0-8ACE-C64FDAAD6FC0}.Debug|Any CPU.Build.0 = Debug|Any CPU
		{028E1F0E-2B3D-43A0-8ACE-C64FDAAD6FC0}.Release|Any CPU.ActiveCfg = Release|Any CPU
		{028E1F0E-2B3D-43A0-8ACE-C64FDAAD6FC0}.Release|Any CPU.Build.0 = Release|Any CPU
		{B640E345-87C9-4585-A5B9-53D1AFDCED7F}.Debug|Any CPU.ActiveCfg = Debug|Any CPU
		{B640E345-87C9-4585-A5B9-53D1AFDCED7F}.Debug|Any CPU.Build.0 = Debug|Any CPU
		{B640E345-87C9-4585-A5B9-53D1AFDCED7F}.Release|Any CPU.ActiveCfg = Release|Any CPU
		{B640E345-87C9-4585-A5B9-53D1AFDCED7F}.Release|Any CPU.Build.0 = Release|Any CPU
		{D8A33D4C-447F-A3FA-CF14-D0216E2A940D}.Debug|Any CPU.ActiveCfg = Debug|Any CPU
		{D8A33D4C-447F-A3FA-CF14-D0216E2A940D}.Debug|Any CPU.Build.0 = Debug|Any CPU
		{D8A33D4C-447F-A3FA-CF14-D0216E2A940D}.Release|Any CPU.ActiveCfg = Release|Any CPU
		{D8A33D4C-447F-A3FA-CF14-D0216E2A940D}.Release|Any CPU.Build.0 = Release|Any CPU
		{8E9A91CE-E8D4-86E4-6A0E-09770A353DE9}.Debug|Any CPU.ActiveCfg = Debug|Any CPU
		{8E9A91CE-E8D4-86E4-6A0E-09770A353DE9}.Debug|Any CPU.Build.0 = Debug|Any CPU
		{8E9A91CE-E8D4-86E4-6A0E-09770A353DE9}.Release|Any CPU.ActiveCfg = Release|Any CPU
		{8E9A91CE-E8D4-86E4-6A0E-09770A353DE9}.Release|Any CPU.Build.0 = Release|Any CPU
		{73AF604F-C318-9B95-F004-3378C0050CB4}.Debug|Any CPU.ActiveCfg = Debug|Any CPU
		{73AF604F-C318-9B95-F004-3378C0050CB4}.Debug|Any CPU.Build.0 = Debug|Any CPU
		{73AF604F-C318-9B95-F004-3378C0050CB4}.Release|Any CPU.ActiveCfg = Release|Any CPU
		{73AF604F-C318-9B95-F004-3378C0050CB4}.Release|Any CPU.Build.0 = Release|Any CPU
		{E067692A-088B-A09E-24FC-70BEFBF8D0AD}.Debug|Any CPU.ActiveCfg = Debug|Any CPU
		{E067692A-088B-A09E-24FC-70BEFBF8D0AD}.Debug|Any CPU.Build.0 = Debug|Any CPU
		{E067692A-088B-A09E-24FC-70BEFBF8D0AD}.Release|Any CPU.ActiveCfg = Release|Any CPU
		{E067692A-088B-A09E-24FC-70BEFBF8D0AD}.Release|Any CPU.Build.0 = Release|Any CPU
		{2F28544B-3C6A-3FB7-7A1A-67F6C6AD683A}.Debug|Any CPU.ActiveCfg = Debug|Any CPU
		{2F28544B-3C6A-3FB7-7A1A-67F6C6AD683A}.Debug|Any CPU.Build.0 = Debug|Any CPU
		{2F28544B-3C6A-3FB7-7A1A-67F6C6AD683A}.Release|Any CPU.ActiveCfg = Release|Any CPU
		{2F28544B-3C6A-3FB7-7A1A-67F6C6AD683A}.Release|Any CPU.Build.0 = Release|Any CPU
		{D1371723-EC1F-E72C-F6E3-ECF6CE2DB7DE}.Debug|Any CPU.ActiveCfg = Debug|Any CPU
		{D1371723-EC1F-E72C-F6E3-ECF6CE2DB7DE}.Debug|Any CPU.Build.0 = Debug|Any CPU
		{D1371723-EC1F-E72C-F6E3-ECF6CE2DB7DE}.Release|Any CPU.ActiveCfg = Release|Any CPU
		{D1371723-EC1F-E72C-F6E3-ECF6CE2DB7DE}.Release|Any CPU.Build.0 = Release|Any CPU
		{4994B317-C20B-2A1B-51CD-D7129530E806}.Debug|Any CPU.ActiveCfg = Debug|Any CPU
		{4994B317-C20B-2A1B-51CD-D7129530E806}.Debug|Any CPU.Build.0 = Debug|Any CPU
		{4994B317-C20B-2A1B-51CD-D7129530E806}.Release|Any CPU.ActiveCfg = Release|Any CPU
		{4994B317-C20B-2A1B-51CD-D7129530E806}.Release|Any CPU.Build.0 = Release|Any CPU
	EndGlobalSection
	GlobalSection(SolutionProperties) = preSolution
		HideSolutionNode = FALSE
	EndGlobalSection
	GlobalSection(ExtensibilityGlobals) = postSolution
		SolutionGuid = {97763077-69C1-4E21-B1F5-D672224C209E}
	EndGlobalSection
EndGlobal
