
Microsoft Visual Studio Solution File, Format Version 12.00
# Visual Studio Version 17
VisualStudioVersion = 17.14.36203.30
MinimumVisualStudioVersion = 10.0.40219.1
Project("{FAE04EC0-301F-11D3-BF4B-00C04F79EFBC}") = "Mod_Academico", "Mod_Academico\Mod_Academico.csproj", "{2DBDAB15-537A-453E-98AE-06C80FBFB517}"
EndProject
Project("{FAE04EC0-301F-11D3-BF4B-00C04F79EFBC}") = "Adm_Direcciones", "Mod_Matricula\Adm_Direcciones.csproj", "{76985CCA-85AD-4A96-A724-E2E66076905F}"
EndProject
Project("{FAE04EC0-301F-11D3-BF4B-00C04F79EFBC}") = "Mod_General", "Mod_General\Mod_General.csproj", "{CD6A080B-6D01-4A94-8DF0-C0EC0E0930C0}"
EndProject
Project("{FAE04EC0-301F-11D3-BF4B-00C04F79EFBC}") = "Adm_Notas", "Adm_Notas\Adm_Notas.csproj", "{6563F3DF-8A83-4D71-AA61-76BFB12D725A}"
EndProject
Project("{FAE04EC0-301F-11D3-BF4B-00C04F79EFBC}") = "USR5", "..\..\Kenneth\Proyecto1\USR5\USR5.csproj", "{809DC358-6E87-7C50-4B30-EFDD9D3D884B}"
EndProject
Project("{FAE04EC0-301F-11D3-BF4B-00C04F79EFBC}") = "USR3", "..\..\Kenneth\Proyecto1\USR3\USR3.csproj", "{6A962FE5-0CFA-9B5D-2F97-AA46A0564897}"
EndProject
Project("{FAE04EC0-301F-11D3-BF4B-00C04F79EFBC}") = "Estudiantes_Matriculados", "Estudiantes_Matriculados\Estudiantes_Matriculados.csproj", "{901707F1-4714-4680-8617-5B9EE5005C3D}"
EndProject
Project("{FAE04EC0-301F-11D3-BF4B-00C04F79EFBC}") = "Adm_Facturacion", "Adm_Facturacion\Adm_Facturacion.csproj", "{EC48B90B-0BF8-49D4-BC3E-273D90E5DD48}"
EndProject
Project("{FAE04EC0-301F-11D3-BF4B-00C04F79EFBC}") = "ADM_Pagos", "ADM_Pagos\ADM_Pagos.csproj", "{028E1F0E-2B3D-43A0-8ACE-C64FDAAD6FC0}"
EndProject
Global
	GlobalSection(SolutionConfigurationPlatforms) = preSolution
		Debug|Any CPU = Debug|Any CPU
		Release|Any CPU = Release|Any CPU
	EndGlobalSection
	GlobalSection(ProjectConfigurationPlatforms) = postSolution
		{2DBDAB15-537A-453E-98AE-06C80FBFB517}.Debug|Any CPU.ActiveCfg = Debug|Any CPU
		{2DBDAB15-537A-453E-98AE-06C80FBFB517}.Debug|Any CPU.Build.0 = Debug|Any CPU
		{2DBDAB15-537A-453E-98AE-06C80FBFB517}.Release|Any CPU.ActiveCfg = Release|Any CPU
		{2DBDAB15-537A-453E-98AE-06C80FBFB517}.Release|Any CPU.Build.0 = Release|Any CPU
		{76985CCA-85AD-4A96-A724-E2E66076905F}.Debug|Any CPU.ActiveCfg = Debug|Any CPU
		{76985CCA-85AD-4A96-A724-E2E66076905F}.Debug|Any CPU.Build.0 = Debug|Any CPU
		{76985CCA-85AD-4A96-A724-E2E66076905F}.Release|Any CPU.ActiveCfg = Release|Any CPU
		{76985CCA-85AD-4A96-A724-E2E66076905F}.Release|Any CPU.Build.0 = Release|Any CPU
		{CD6A080B-6D01-4A94-8DF0-C0EC0E0930C0}.Debug|Any CPU.ActiveCfg = Debug|Any CPU
		{CD6A080B-6D01-4A94-8DF0-C0EC0E0930C0}.Debug|Any CPU.Build.0 = Debug|Any CPU
		{CD6A080B-6D01-4A94-8DF0-C0EC0E0930C0}.Release|Any CPU.ActiveCfg = Release|Any CPU
		{CD6A080B-6D01-4A94-8DF0-C0EC0E0930C0}.Release|Any CPU.Build.0 = Release|Any CPU
		{6563F3DF-8A83-4D71-AA61-76BFB12D725A}.Debug|Any CPU.ActiveCfg = Debug|Any CPU
		{6563F3DF-8A83-4D71-AA61-76BFB12D725A}.Debug|Any CPU.Build.0 = Debug|Any CPU
		{6563F3DF-8A83-4D71-AA61-76BFB12D725A}.Release|Any CPU.ActiveCfg = Release|Any CPU
		{6563F3DF-8A83-4D71-AA61-76BFB12D725A}.Release|Any CPU.Build.0 = Release|Any CPU
		{809DC358-6E87-7C50-4B30-EFDD9D3D884B}.Debug|Any CPU.ActiveCfg = Debug|Any CPU
		{809DC358-6E87-7C50-4B30-EFDD9D3D884B}.Debug|Any CPU.Build.0 = Debug|Any CPU
		{809DC358-6E87-7C50-4B30-EFDD9D3D884B}.Release|Any CPU.ActiveCfg = Release|Any CPU
		{809DC358-6E87-7C50-4B30-EFDD9D3D884B}.Release|Any CPU.Build.0 = Release|Any CPU
		{6A962FE5-0CFA-9B5D-2F97-AA46A0564897}.Debug|Any CPU.ActiveCfg = Debug|Any CPU
		{6A962FE5-0CFA-9B5D-2F97-AA46A0564897}.Debug|Any CPU.Build.0 = Debug|Any CPU
		{6A962FE5-0CFA-9B5D-2F97-AA46A0564897}.Release|Any CPU.ActiveCfg = Release|Any CPU
		{6A962FE5-0CFA-9B5D-2F97-AA46A0564897}.Release|Any CPU.Build.0 = Release|Any CPU
		{901707F1-4714-4680-8617-5B9EE5005C3D}.Debug|Any CPU.ActiveCfg = Debug|Any CPU
		{901707F1-4714-4680-8617-5B9EE5005C3D}.Debug|Any CPU.Build.0 = Debug|Any CPU
		{901707F1-4714-4680-8617-5B9EE5005C3D}.Release|Any CPU.ActiveCfg = Release|Any CPU
		{901707F1-4714-4680-8617-5B9EE5005C3D}.Release|Any CPU.Build.0 = Release|Any CPU
		{EC48B90B-0BF8-49D4-BC3E-273D90E5DD48}.Debug|Any CPU.ActiveCfg = Debug|Any CPU
		{EC48B90B-0BF8-49D4-BC3E-273D90E5DD48}.Debug|Any CPU.Build.0 = Debug|Any CPU
		{EC48B90B-0BF8-49D4-BC3E-273D90E5DD48}.Release|Any CPU.ActiveCfg = Release|Any CPU
		{EC48B90B-0BF8-49D4-BC3E-273D90E5DD48}.Release|Any CPU.Build.0 = Release|Any CPU
		{028E1F0E-2B3D-43A0-8ACE-C64FDAAD6FC0}.Debug|Any CPU.ActiveCfg = Debug|Any CPU
		{028E1F0E-2B3D-43A0-8ACE-C64FDAAD6FC0}.Debug|Any CPU.Build.0 = Debug|Any CPU
		{028E1F0E-2B3D-43A0-8ACE-C64FDAAD6FC0}.Release|Any CPU.ActiveCfg = Release|Any CPU
		{028E1F0E-2B3D-43A0-8ACE-C64FDAAD6FC0}.Release|Any CPU.Build.0 = Release|Any CPU
	EndGlobalSection
	GlobalSection(SolutionProperties) = preSolution
		HideSolutionNode = FALSE
	EndGlobalSection
	GlobalSection(ExtensibilityGlobals) = postSolution
		SolutionGuid = {97763077-69C1-4E21-B1F5-D672224C209E}
	EndGlobalSection
EndGlobal
