
Microsoft Visual Studio Solution File, Format Version 12.00
# Visual Studio Version 17
VisualStudioVersion = 17.14.36221.1
MinimumVisualStudioVersion = 10.0.40219.1
Project("{FAE04EC0-301F-11D3-BF4B-00C04F79EFBC}") = "USR2", "Proyecto1\USR2.csproj", "{F5E1A348-1EF5-4E1D-B2BE-ADB2C1F9B3AB}"
EndProject
Project("{FAE04EC0-301F-11D3-BF4B-00C04F79EFBC}") = "USR5", "USR5\USR5.csproj", "{73821A5A-8456-4D88-BD7B-01CDD48350AA}"
EndProject
Project("{FAE04EC0-301F-11D3-BF4B-00C04F79EFBC}") = "USR1", "USR1\USR1.csproj", "{ED0B7A76-240A-4934-A774-6831166D60A7}"
EndProject
Project("{FAE04EC0-301F-11D3-BF4B-00C04F79EFBC}") = "USR3", "USR3\USR3.csproj", "{34CEE411-BE20-41BA-9087-C1210E70565F}"
EndProject
Project("{FAE04EC0-301F-11D3-BF4B-00C04F79EFBC}") = "GEN1", "GEN1\GEN1.csproj", "{6DD0F3DE-47C2-4CAD-A737-FCA68EC6A171}"
EndProject
Project("{FAE04EC0-301F-11D3-BF4B-00C04F79EFBC}") = "USR4", "USR4\USR4.csproj", "{11FAE2C7-675D-438C-A7BA-5ADA86E10C6F}"
EndProject
Project("{FAE04EC0-301F-11D3-BF4B-00C04F79EFBC}") = "ACD1", "ACD1\ACD1.csproj", "{FB45811F-509C-4A58-871C-3A748E0AF38F}"
EndProject
Project("{FAE04EC0-301F-11D3-BF4B-00C04F79EFBC}") = "ACD6", "ACD6\ACD6.csproj", "{FBAE2728-CD0E-41D0-A5CF-3037DEACD208}"
EndProject
Project("{FAE04EC0-301F-11D3-BF4B-00C04F79EFBC}") = "ACD2", "ACD2\ACD2.csproj", "{899310F8-3E75-4272-8225-91D6A7A48386}"
EndProject
Global
	GlobalSection(SolutionConfigurationPlatforms) = preSolution
		Debug|Any CPU = Debug|Any CPU
		Release|Any CPU = Release|Any CPU
	EndGlobalSection
	GlobalSection(ProjectConfigurationPlatforms) = postSolution
		{F5E1A348-1EF5-4E1D-B2BE-ADB2C1F9B3AB}.Debug|Any CPU.ActiveCfg = Debug|Any CPU
		{F5E1A348-1EF5-4E1D-B2BE-ADB2C1F9B3AB}.Debug|Any CPU.Build.0 = Debug|Any CPU
		{F5E1A348-1EF5-4E1D-B2BE-ADB2C1F9B3AB}.Release|Any CPU.ActiveCfg = Release|Any CPU
		{F5E1A348-1EF5-4E1D-B2BE-ADB2C1F9B3AB}.Release|Any CPU.Build.0 = Release|Any CPU
		{73821A5A-8456-4D88-BD7B-01CDD48350AA}.Debug|Any CPU.ActiveCfg = Debug|Any CPU
		{73821A5A-8456-4D88-BD7B-01CDD48350AA}.Debug|Any CPU.Build.0 = Debug|Any CPU
		{73821A5A-8456-4D88-BD7B-01CDD48350AA}.Release|Any CPU.ActiveCfg = Release|Any CPU
		{73821A5A-8456-4D88-BD7B-01CDD48350AA}.Release|Any CPU.Build.0 = Release|Any CPU
		{ED0B7A76-240A-4934-A774-6831166D60A7}.Debug|Any CPU.ActiveCfg = Debug|Any CPU
		{ED0B7A76-240A-4934-A774-6831166D60A7}.Debug|Any CPU.Build.0 = Debug|Any CPU
		{ED0B7A76-240A-4934-A774-6831166D60A7}.Release|Any CPU.ActiveCfg = Release|Any CPU
		{ED0B7A76-240A-4934-A774-6831166D60A7}.Release|Any CPU.Build.0 = Release|Any CPU
		{34CEE411-BE20-41BA-9087-C1210E70565F}.Debug|Any CPU.ActiveCfg = Debug|Any CPU
		{34CEE411-BE20-41BA-9087-C1210E70565F}.Debug|Any CPU.Build.0 = Debug|Any CPU
		{34CEE411-BE20-41BA-9087-C1210E70565F}.Release|Any CPU.ActiveCfg = Release|Any CPU
		{34CEE411-BE20-41BA-9087-C1210E70565F}.Release|Any CPU.Build.0 = Release|Any CPU
		{6DD0F3DE-47C2-4CAD-A737-FCA68EC6A171}.Debug|Any CPU.ActiveCfg = Debug|Any CPU
		{6DD0F3DE-47C2-4CAD-A737-FCA68EC6A171}.Debug|Any CPU.Build.0 = Debug|Any CPU
		{6DD0F3DE-47C2-4CAD-A737-FCA68EC6A171}.Release|Any CPU.ActiveCfg = Release|Any CPU
		{6DD0F3DE-47C2-4CAD-A737-FCA68EC6A171}.Release|Any CPU.Build.0 = Release|Any CPU
		{11FAE2C7-675D-438C-A7BA-5ADA86E10C6F}.Debug|Any CPU.ActiveCfg = Debug|Any CPU
		{11FAE2C7-675D-438C-A7BA-5ADA86E10C6F}.Debug|Any CPU.Build.0 = Debug|Any CPU
		{11FAE2C7-675D-438C-A7BA-5ADA86E10C6F}.Release|Any CPU.ActiveCfg = Release|Any CPU
		{11FAE2C7-675D-438C-A7BA-5ADA86E10C6F}.Release|Any CPU.Build.0 = Release|Any CPU
		{FB45811F-509C-4A58-871C-3A748E0AF38F}.Debug|Any CPU.ActiveCfg = Debug|Any CPU
		{FB45811F-509C-4A58-871C-3A748E0AF38F}.Debug|Any CPU.Build.0 = Debug|Any CPU
		{FB45811F-509C-4A58-871C-3A748E0AF38F}.Release|Any CPU.ActiveCfg = Release|Any CPU
		{FB45811F-509C-4A58-871C-3A748E0AF38F}.Release|Any CPU.Build.0 = Release|Any CPU
		{FBAE2728-CD0E-41D0-A5CF-3037DEACD208}.Debug|Any CPU.ActiveCfg = Debug|Any CPU
		{FBAE2728-CD0E-41D0-A5CF-3037DEACD208}.Debug|Any CPU.Build.0 = Debug|Any CPU
		{FBAE2728-CD0E-41D0-A5CF-3037DEACD208}.Release|Any CPU.ActiveCfg = Release|Any CPU
		{FBAE2728-CD0E-41D0-A5CF-3037DEACD208}.Release|Any CPU.Build.0 = Release|Any CPU
		{899310F8-3E75-4272-8225-91D6A7A48386}.Debug|Any CPU.ActiveCfg = Debug|Any CPU
		{899310F8-3E75-4272-8225-91D6A7A48386}.Debug|Any CPU.Build.0 = Debug|Any CPU
		{899310F8-3E75-4272-8225-91D6A7A48386}.Release|Any CPU.ActiveCfg = Release|Any CPU
		{899310F8-3E75-4272-8225-91D6A7A48386}.Release|Any CPU.Build.0 = Release|Any CPU
	EndGlobalSection
	GlobalSection(SolutionProperties) = preSolution
		HideSolutionNode = FALSE
	EndGlobalSection
	GlobalSection(ExtensibilityGlobals) = postSolution
		SolutionGuid = {44C63D93-D099-4455-BD68-7E1580872E6F}
	EndGlobalSection
EndGlobal
